
Microsoft Visual Studio Solution File, Format Version 12.00
# Visual Studio Version 16
VisualStudioVersion = 16.0.29324.140
MinimumVisualStudioVersion = 10.0.40219.1
Project("{FAE04EC0-301F-11D3-BF4B-00C04F79EFBC}") = "ManaStyle", "ManaStyle\ManaStyle.csproj", "{5F8C94F5-02DD-4818-9920-BD20A4E27EFF}"
EndProject
Global
	GlobalSection(SolutionConfigurationPlatforms) = preSolution
		Debug|Any CPU = Debug|Any CPU
		Release|Any CPU = Release|Any CPU
	EndGlobalSection
	GlobalSection(ProjectConfigurationPlatforms) = postSolution
		{5F8C94F5-02DD-4818-9920-BD20A4E27EFF}.Debug|Any CPU.ActiveCfg = Debug|Any CPU
		{5F8C94F5-02DD-4818-9920-BD20A4E27EFF}.Debug|Any CPU.Build.0 = Debug|Any CPU
		{5F8C94F5-02DD-4818-9920-BD20A4E27EFF}.Release|Any CPU.ActiveCfg = Release|Any CPU
		{5F8C94F5-02DD-4818-9920-BD20A4E27EFF}.Release|Any CPU.Build.0 = Release|Any CPU
	EndGlobalSection
	GlobalSection(SolutionProperties) = preSolution
		HideSolutionNode = FALSE
	EndGlobalSection
	GlobalSection(ExtensibilityGlobals) = postSolution
		SolutionGuid = {89FD58C8-28DD-4019-9C0C-1734E18B1DE2}
	EndGlobalSection
EndGlobal
